// !$*UTF8*$!
{
	archiveVersion = 1;
	classes = {
	};
	objectVersion = 50;
	objects = {

/* Begin PBXBuildFile section */
		FEACF24A216BD906001C388A /* Texture.cpp in Sources */ = {isa = PBXBuildFile; fileRef = FEACF249216BD906001C388A /* Texture.cpp */; };
		FEACF24E216C0273001C388A /* Tank.cpp in Sources */ = {isa = PBXBuildFile; fileRef = FEACF24C216C0273001C388A /* Tank.cpp */; };
		FED1BCBB216BC39800D91B43 /* Game.cpp in Sources */ = {isa = PBXBuildFile; fileRef = FED1BCB9216BC39800D91B43 /* Game.cpp */; };
		FED1BCBC216BC39800D91B43 /* main.cpp in Sources */ = {isa = PBXBuildFile; fileRef = FED1BCBA216BC39800D91B43 /* main.cpp */; };
		FEF309DE216BB8420030398A /* SDL2.framework in Frameworks */ = {isa = PBXBuildFile; fileRef = FEF309DB216BB8420030398A /* SDL2.framework */; };
		FEF309DF216BB8420030398A /* SDL2_net.framework in Frameworks */ = {isa = PBXBuildFile; fileRef = FEF309DC216BB8420030398A /* SDL2_net.framework */; };
		FEF309E0216BB8420030398A /* SDL2_image.framework in Frameworks */ = {isa = PBXBuildFile; fileRef = FEF309DD216BB8420030398A /* SDL2_image.framework */; };
/* End PBXBuildFile section */

/* Begin PBXCopyFilesBuildPhase section */
		FEF309C6216BB2C60030398A /* CopyFiles */ = {
			isa = PBXCopyFilesBuildPhase;
			buildActionMask = 2147483647;
			dstPath = /usr/share/man/man1/;
			dstSubfolderSpec = 0;
			files = (
			);
			runOnlyForDeploymentPostprocessing = 1;
		};
/* End PBXCopyFilesBuildPhase section */

/* Begin PBXFileReference section */
		FEACF249216BD906001C388A /* Texture.cpp */ = {isa = PBXFileReference; fileEncoding = 4; lastKnownFileType = sourcecode.cpp.cpp; path = Texture.cpp; sourceTree = "<group>"; };
		FEACF24B216BD90C001C388A /* Texture.h */ = {isa = PBXFileReference; lastKnownFileType = sourcecode.c.h; path = Texture.h; sourceTree = "<group>"; };
		FEACF24C216C0273001C388A /* Tank.cpp */ = {isa = PBXFileReference; lastKnownFileType = sourcecode.cpp.cpp; path = Tank.cpp; sourceTree = SOURCE_ROOT; };
		FEACF24D216C0273001C388A /* Tank.hpp */ = {isa = PBXFileReference; lastKnownFileType = sourcecode.cpp.h; path = Tank.hpp; sourceTree = SOURCE_ROOT; };
		FED1BCB9216BC39800D91B43 /* Game.cpp */ = {isa = PBXFileReference; fileEncoding = 4; lastKnownFileType = sourcecode.cpp.cpp; path = Game.cpp; sourceTree = "<group>"; };
		FED1BCBA216BC39800D91B43 /* main.cpp */ = {isa = PBXFileReference; fileEncoding = 4; lastKnownFileType = sourcecode.cpp.cpp; path = main.cpp; sourceTree = "<group>"; };
		FED1BCC6216BC4DD00D91B43 /* ECS.h */ = {isa = PBXFileReference; fileEncoding = 4; lastKnownFileType = sourcecode.c.h; path = ECS.h; sourceTree = "<group>"; };
		FED1BCC7216BC4DD00D91B43 /* Game.h */ = {isa = PBXFileReference; fileEncoding = 4; lastKnownFileType = sourcecode.c.h; path = Game.h; sourceTree = "<group>"; };
		FED1BCCA216BC52200D91B43 /* tank_blue.png */ = {isa = PBXFileReference; lastKnownFileType = image.png; path = tank_blue.png; sourceTree = "<group>"; };
		FED1BCCB216BC52200D91B43 /* tank_yellow.png */ = {isa = PBXFileReference; lastKnownFileType = image.png; path = tank_yellow.png; sourceTree = "<group>"; };
		FED1BCCC216BC52200D91B43 /* desert.png */ = {isa = PBXFileReference; lastKnownFileType = image.png; path = desert.png; sourceTree = "<group>"; };
		FED1BCCD216BC52200D91B43 /* tank_red.png */ = {isa = PBXFileReference; lastKnownFileType = image.png; path = tank_red.png; sourceTree = "<group>"; };
		FED1BCCE216BC52200D91B43 /* tank_green.png */ = {isa = PBXFileReference; lastKnownFileType = image.png; path = tank_green.png; sourceTree = "<group>"; };
		FEF309C8216BB2C60030398A /* tanksgame-osx */ = {isa = PBXFileReference; explicitFileType = "compiled.mach-o.executable"; includeInIndex = 0; path = "tanksgame-osx"; sourceTree = BUILT_PRODUCTS_DIR; };
		FEF309D3216BB48C0030398A /* README.md */ = {isa = PBXFileReference; fileEncoding = 4; lastKnownFileType = net.daringfireball.markdown; path = README.md; sourceTree = "<group>"; };
		FEF309D5216BB48C0030398A /* makefile */ = {isa = PBXFileReference; fileEncoding = 4; lastKnownFileType = sourcecode.make; path = makefile; sourceTree = "<group>"; };
		FEF309DB216BB8420030398A /* SDL2.framework */ = {isa = PBXFileReference; lastKnownFileType = wrapper.framework; name = SDL2.framework; path = ../../../../Library/Frameworks/SDL2.framework; sourceTree = "<group>"; };
		FEF309DC216BB8420030398A /* SDL2_net.framework */ = {isa = PBXFileReference; lastKnownFileType = wrapper.framework; name = SDL2_net.framework; path = ../../../../Library/Frameworks/SDL2_net.framework; sourceTree = "<group>"; };
		FEF309DD216BB8420030398A /* SDL2_image.framework */ = {isa = PBXFileReference; lastKnownFileType = wrapper.framework; name = SDL2_image.framework; path = ../../../../Library/Frameworks/SDL2_image.framework; sourceTree = "<group>"; };
/* End PBXFileReference section */

/* Begin PBXFrameworksBuildPhase section */
		FEF309C5216BB2C60030398A /* Frameworks */ = {
			isa = PBXFrameworksBuildPhase;
			buildActionMask = 2147483647;
			files = (
				FEF309DE216BB8420030398A /* SDL2.framework in Frameworks */,
				FEF309DF216BB8420030398A /* SDL2_net.framework in Frameworks */,
				FEF309E0216BB8420030398A /* SDL2_image.framework in Frameworks */,
			);
			runOnlyForDeploymentPostprocessing = 0;
		};
/* End PBXFrameworksBuildPhase section */

/* Begin PBXGroup section */
		FED1BCBD216BC44300D91B43 /* src */ = {
			isa = PBXGroup;
			children = (
				FED1BCB9216BC39800D91B43 /* Game.cpp */,
				FEACF249216BD906001C388A /* Texture.cpp */,
				FED1BCBA216BC39800D91B43 /* main.cpp */,
			);
			path = src;
			sourceTree = "<group>";
		};
		FED1BCC0216BC4BF00D91B43 /* include */ = {
			isa = PBXGroup;
			children = (
				FED1BCC6216BC4DD00D91B43 /* ECS.h */,
				FEACF24B216BD90C001C388A /* Texture.h */,
				FED1BCC7216BC4DD00D91B43 /* Game.h */,
				FEACF24C216C0273001C388A /* Tank.cpp */,
				FEACF24D216C0273001C388A /* Tank.hpp */,
			);
			path = include;
			sourceTree = "<group>";
		};
		FED1BCC9216BC51200D91B43 /* img */ = {
			isa = PBXGroup;
			children = (
				FED1BCCC216BC52200D91B43 /* desert.png */,
				FED1BCCA216BC52200D91B43 /* tank_blue.png */,
				FED1BCCE216BC52200D91B43 /* tank_green.png */,
				FED1BCCD216BC52200D91B43 /* tank_red.png */,
				FED1BCCB216BC52200D91B43 /* tank_yellow.png */,
			);
			path = img;
			sourceTree = "<group>";
		};
		FEF309BF216BB2C60030398A = {
			isa = PBXGroup;
			children = (
				FED1BCC9216BC51200D91B43 /* img */,
				FED1BCC0216BC4BF00D91B43 /* include */,
				FED1BCBD216BC44300D91B43 /* src */,
				FEF309D3216BB48C0030398A /* README.md */,
				FEF309D5216BB48C0030398A /* makefile */,
				FEF309C9216BB2C60030398A /* Products */,
				FEF309DA216BB8420030398A /* Frameworks */,
			);
			sourceTree = "<group>";
		};
		FEF309C9216BB2C60030398A /* Products */ = {
			isa = PBXGroup;
			children = (
				FEF309C8216BB2C60030398A /* tanksgame-osx */,
			);
			name = Products;
			sourceTree = "<group>";
		};
		FEF309DA216BB8420030398A /* Frameworks */ = {
			isa = PBXGroup;
			children = (
				FEF309DD216BB8420030398A /* SDL2_image.framework */,
				FEF309DC216BB8420030398A /* SDL2_net.framework */,
				FEF309DB216BB8420030398A /* SDL2.framework */,
			);
			name = Frameworks;
			sourceTree = "<group>";
		};
/* End PBXGroup section */

/* Begin PBXNativeTarget section */
		FEF309C7216BB2C60030398A /* tanksgame-osx */ = {
			isa = PBXNativeTarget;
			buildConfigurationList = FEF309CF216BB2C60030398A /* Build configuration list for PBXNativeTarget "tanksgame-osx" */;
			buildPhases = (
				FEF309C4216BB2C60030398A /* Sources */,
				FEF309C5216BB2C60030398A /* Frameworks */,
				FEF309C6216BB2C60030398A /* CopyFiles */,
			);
			buildRules = (
			);
			dependencies = (
			);
			name = "tanksgame-osx";
			productName = "tanksgame-osx";
			productReference = FEF309C8216BB2C60030398A /* tanksgame-osx */;
			productType = "com.apple.product-type.tool";
		};
/* End PBXNativeTarget section */

/* Begin PBXProject section */
		FEF309C0216BB2C60030398A /* Project object */ = {
			isa = PBXProject;
			attributes = {
				LastUpgradeCheck = 1000;
				ORGANIZATIONNAME = CzolgIT;
				TargetAttributes = {
					FEF309C7216BB2C60030398A = {
						CreatedOnToolsVersion = 10.0;
					};
				};
			};
			buildConfigurationList = FEF309C3216BB2C60030398A /* Build configuration list for PBXProject "tanksgame-osx" */;
			compatibilityVersion = "Xcode 9.3";
			developmentRegion = en;
			hasScannedForEncodings = 0;
			knownRegions = (
				en,
			);
			mainGroup = FEF309BF216BB2C60030398A;
			productRefGroup = FEF309C9216BB2C60030398A /* Products */;
			projectDirPath = "";
			projectRoot = "";
			targets = (
				FEF309C7216BB2C60030398A /* tanksgame-osx */,
			);
		};
/* End PBXProject section */

/* Begin PBXSourcesBuildPhase section */
		FEF309C4216BB2C60030398A /* Sources */ = {
			isa = PBXSourcesBuildPhase;
			buildActionMask = 2147483647;
			files = (
				FEACF24A216BD906001C388A /* Texture.cpp in Sources */,
				FED1BCBC216BC39800D91B43 /* main.cpp in Sources */,
				FED1BCBB216BC39800D91B43 /* Game.cpp in Sources */,
				FEACF24E216C0273001C388A /* Tank.cpp in Sources */,
			);
			runOnlyForDeploymentPostprocessing = 0;
		};
/* End PBXSourcesBuildPhase section */

/* Begin XCBuildConfiguration section */
		FEF309CD216BB2C60030398A /* Debug */ = {
			isa = XCBuildConfiguration;
			buildSettings = {
				ALWAYS_SEARCH_USER_PATHS = NO;
				CLANG_ANALYZER_NONNULL = YES;
				CLANG_ANALYZER_NUMBER_OBJECT_CONVERSION = YES_AGGRESSIVE;
				CLANG_CXX_LANGUAGE_STANDARD = "gnu++14";
				CLANG_CXX_LIBRARY = "libc++";
				CLANG_ENABLE_MODULES = YES;
				CLANG_ENABLE_OBJC_ARC = YES;
				CLANG_ENABLE_OBJC_WEAK = YES;
				CLANG_WARN_BLOCK_CAPTURE_AUTORELEASING = YES;
				CLANG_WARN_BOOL_CONVERSION = YES;
				CLANG_WARN_COMMA = YES;
				CLANG_WARN_CONSTANT_CONVERSION = YES;
				CLANG_WARN_DEPRECATED_OBJC_IMPLEMENTATIONS = YES;
				CLANG_WARN_DIRECT_OBJC_ISA_USAGE = YES_ERROR;
				CLANG_WARN_DOCUMENTATION_COMMENTS = YES;
				CLANG_WARN_EMPTY_BODY = YES;
				CLANG_WARN_ENUM_CONVERSION = YES;
				CLANG_WARN_INFINITE_RECURSION = YES;
				CLANG_WARN_INT_CONVERSION = YES;
				CLANG_WARN_NON_LITERAL_NULL_CONVERSION = YES;
				CLANG_WARN_OBJC_IMPLICIT_RETAIN_SELF = YES;
				CLANG_WARN_OBJC_LITERAL_CONVERSION = YES;
				CLANG_WARN_OBJC_ROOT_CLASS = YES_ERROR;
				CLANG_WARN_RANGE_LOOP_ANALYSIS = YES;
				CLANG_WARN_STRICT_PROTOTYPES = YES;
				CLANG_WARN_SUSPICIOUS_MOVE = YES;
				CLANG_WARN_UNGUARDED_AVAILABILITY = YES_AGGRESSIVE;
				CLANG_WARN_UNREACHABLE_CODE = YES;
				CLANG_WARN__DUPLICATE_METHOD_MATCH = YES;
				CODE_SIGN_IDENTITY = "-";
				COPY_PHASE_STRIP = NO;
				DEBUG_INFORMATION_FORMAT = dwarf;
				ENABLE_STRICT_OBJC_MSGSEND = YES;
				ENABLE_TESTABILITY = YES;
				GCC_C_LANGUAGE_STANDARD = gnu11;
				GCC_DYNAMIC_NO_PIC = NO;
				GCC_NO_COMMON_BLOCKS = YES;
				GCC_OPTIMIZATION_LEVEL = 0;
				GCC_PREPROCESSOR_DEFINITIONS = (
					"DEBUG=1",
					"$(inherited)",
				);
				GCC_WARN_64_TO_32_BIT_CONVERSION = YES;
				GCC_WARN_ABOUT_RETURN_TYPE = YES_ERROR;
				GCC_WARN_UNDECLARED_SELECTOR = YES;
				GCC_WARN_UNINITIALIZED_AUTOS = YES_AGGRESSIVE;
				GCC_WARN_UNUSED_FUNCTION = YES;
				GCC_WARN_UNUSED_VARIABLE = YES;
				MACOSX_DEPLOYMENT_TARGET = 10.14;
				MTL_ENABLE_DEBUG_INFO = INCLUDE_SOURCE;
				MTL_FAST_MATH = YES;
				ONLY_ACTIVE_ARCH = YES;
				SDKROOT = macosx;
			};
			name = Debug;
		};
		FEF309CE216BB2C60030398A /* Release */ = {
			isa = XCBuildConfiguration;
			buildSettings = {
				ALWAYS_SEARCH_USER_PATHS = NO;
				CLANG_ANALYZER_NONNULL = YES;
				CLANG_ANALYZER_NUMBER_OBJECT_CONVERSION = YES_AGGRESSIVE;
				CLANG_CXX_LANGUAGE_STANDARD = "gnu++14";
				CLANG_CXX_LIBRARY = "libc++";
				CLANG_ENABLE_MODULES = YES;
				CLANG_ENABLE_OBJC_ARC = YES;
				CLANG_ENABLE_OBJC_WEAK = YES;
				CLANG_WARN_BLOCK_CAPTURE_AUTORELEASING = YES;
				CLANG_WARN_BOOL_CONVERSION = YES;
				CLANG_WARN_COMMA = YES;
				CLANG_WARN_CONSTANT_CONVERSION = YES;
				CLANG_WARN_DEPRECATED_OBJC_IMPLEMENTATIONS = YES;
				CLANG_WARN_DIRECT_OBJC_ISA_USAGE = YES_ERROR;
				CLANG_WARN_DOCUMENTATION_COMMENTS = YES;
				CLANG_WARN_EMPTY_BODY = YES;
				CLANG_WARN_ENUM_CONVERSION = YES;
				CLANG_WARN_INFINITE_RECURSION = YES;
				CLANG_WARN_INT_CONVERSION = YES;
				CLANG_WARN_NON_LITERAL_NULL_CONVERSION = YES;
				CLANG_WARN_OBJC_IMPLICIT_RETAIN_SELF = YES;
				CLANG_WARN_OBJC_LITERAL_CONVERSION = YES;
				CLANG_WARN_OBJC_ROOT_CLASS = YES_ERROR;
				CLANG_WARN_RANGE_LOOP_ANALYSIS = YES;
				CLANG_WARN_STRICT_PROTOTYPES = YES;
				CLANG_WARN_SUSPICIOUS_MOVE = YES;
				CLANG_WARN_UNGUARDED_AVAILABILITY = YES_AGGRESSIVE;
				CLANG_WARN_UNREACHABLE_CODE = YES;
				CLANG_WARN__DUPLICATE_METHOD_MATCH = YES;
				CODE_SIGN_IDENTITY = "-";
				COPY_PHASE_STRIP = NO;
				DEBUG_INFORMATION_FORMAT = "dwarf-with-dsym";
				ENABLE_NS_ASSERTIONS = NO;
				ENABLE_STRICT_OBJC_MSGSEND = YES;
				GCC_C_LANGUAGE_STANDARD = gnu11;
				GCC_NO_COMMON_BLOCKS = YES;
				GCC_WARN_64_TO_32_BIT_CONVERSION = YES;
				GCC_WARN_ABOUT_RETURN_TYPE = YES_ERROR;
				GCC_WARN_UNDECLARED_SELECTOR = YES;
				GCC_WARN_UNINITIALIZED_AUTOS = YES_AGGRESSIVE;
				GCC_WARN_UNUSED_FUNCTION = YES;
				GCC_WARN_UNUSED_VARIABLE = YES;
				MACOSX_DEPLOYMENT_TARGET = 10.14;
				MTL_ENABLE_DEBUG_INFO = NO;
				MTL_FAST_MATH = YES;
				SDKROOT = macosx;
			};
			name = Release;
		};
		FEF309D0216BB2C60030398A /* Debug */ = {
			isa = XCBuildConfiguration;
			buildSettings = {
				CODE_SIGN_INJECT_BASE_ENTITLEMENTS = NO;
				CODE_SIGN_STYLE = Automatic;
				FRAMEWORK_SEARCH_PATHS = (
					"$(inherited)",
					"$(LOCAL_LIBRARY_DIR)/Frameworks",
				);
				PRODUCT_NAME = "$(TARGET_NAME)";
			};
			name = Debug;
		};
		FEF309D1216BB2C60030398A /* Release */ = {
			isa = XCBuildConfiguration;
			buildSettings = {
				CODE_SIGN_INJECT_BASE_ENTITLEMENTS = NO;
				CODE_SIGN_STYLE = Automatic;
				FRAMEWORK_SEARCH_PATHS = (
					"$(inherited)",
					"$(LOCAL_LIBRARY_DIR)/Frameworks",
				);
				PRODUCT_NAME = "$(TARGET_NAME)";
			};
			name = Release;
		};
/* End XCBuildConfiguration section */

/* Begin XCConfigurationList section */
		FEF309C3216BB2C60030398A /* Build configuration list for PBXProject "tanksgame-osx" */ = {
			isa = XCConfigurationList;
			buildConfigurations = (
				FEF309CD216BB2C60030398A /* Debug */,
				FEF309CE216BB2C60030398A /* Release */,
			);
			defaultConfigurationIsVisible = 0;
			defaultConfigurationName = Release;
		};
		FEF309CF216BB2C60030398A /* Build configuration list for PBXNativeTarget "tanksgame-osx" */ = {
			isa = XCConfigurationList;
			buildConfigurations = (
				FEF309D0216BB2C60030398A /* Debug */,
				FEF309D1216BB2C60030398A /* Release */,
			);
			defaultConfigurationIsVisible = 0;
			defaultConfigurationName = Release;
		};
/* End XCConfigurationList section */
	};
	rootObject = FEF309C0216BB2C60030398A /* Project object */;
}
